
Microsoft Visual Studio Solution File, Format Version 12.00
# Visual Studio 14
VisualStudioVersion = 14.0.25123.0
MinimumVisualStudioVersion = 10.0.40219.1
Project("{FAE04EC0-301F-11D3-BF4B-00C04F79EFBC}") = "WindowsFormsApplication1", "WindowsFormsApplication1\WindowsFormsApplication1.csproj", "{7AD80EEB-9EBD-4BB9-B27F-0CD5D2B38972}"
EndProject
Global
	GlobalSection(SolutionConfigurationPlatforms) = preSolution
		Debug|Any CPU = Debug|Any CPU
		Release|Any CPU = Release|Any CPU
	EndGlobalSection
	GlobalSection(ProjectConfigurationPlatforms) = postSolution
		{7AD80EEB-9EBD-4BB9-B27F-0CD5D2B38972}.Debug|Any CPU.ActiveCfg = Debug|Any CPU
		{7AD80EEB-9EBD-4BB9-B27F-0CD5D2B38972}.Debug|Any CPU.Build.0 = Debug|Any CPU
		{7AD80EEB-9EBD-4BB9-B27F-0CD5D2B38972}.Release|Any CPU.ActiveCfg = Release|Any CPU
		{7AD80EEB-9EBD-4BB9-B27F-0CD5D2B38972}.Release|Any CPU.Build.0 = Release|Any CPU
	EndGlobalSection
	GlobalSection(SolutionProperties) = preSolution
		HideSolutionNode = FALSE
	EndGlobalSection
EndGlobal
